// !$*UTF8*$!
{
	archiveVersion = 1;
	classes = {
	};
	objectVersion = 56;
	objects = {

/* Begin PBXBuildFile section */
		2185FF2F2B95BF2700DF7F08 /* EditDataVC.swift in Sources */ = {isa = PBXBuildFile; fileRef = 2185FF2E2B95BF2700DF7F08 /* EditDataVC.swift */; };
		2185FF352B95D04000DF7F08 /* Model.xcdatamodeld in Sources */ = {isa = PBXBuildFile; fileRef = 2185FF332B95D04000DF7F08 /* Model.xcdatamodeld */; };
		2185FF3B2B95DC2300DF7F08 /* SaveCoreData.swift in Sources */ = {isa = PBXBuildFile; fileRef = 2185FF3A2B95DC2300DF7F08 /* SaveCoreData.swift */; };
		21861CF82B91FC2900991369 /* AppDelegate.swift in Sources */ = {isa = PBXBuildFile; fileRef = 21861CF72B91FC2900991369 /* AppDelegate.swift */; };
		21861CFA2B91FC2900991369 /* SceneDelegate.swift in Sources */ = {isa = PBXBuildFile; fileRef = 21861CF92B91FC2900991369 /* SceneDelegate.swift */; };
		21861CFC2B91FC2900991369 /* ViewController.swift in Sources */ = {isa = PBXBuildFile; fileRef = 21861CFB2B91FC2900991369 /* ViewController.swift */; };
		21861CFF2B91FC2900991369 /* Main.storyboard in Resources */ = {isa = PBXBuildFile; fileRef = 21861CFD2B91FC2900991369 /* Main.storyboard */; };
		21861D012B91FC2B00991369 /* Assets.xcassets in Resources */ = {isa = PBXBuildFile; fileRef = 21861D002B91FC2B00991369 /* Assets.xcassets */; };
		21861D042B91FC2B00991369 /* LaunchScreen.storyboard in Resources */ = {isa = PBXBuildFile; fileRef = 21861D022B91FC2B00991369 /* LaunchScreen.storyboard */; };
		21861D0F2B91FC2B00991369 /* Assignment2Tests.swift in Sources */ = {isa = PBXBuildFile; fileRef = 21861D0E2B91FC2B00991369 /* Assignment2Tests.swift */; };
		21861D192B91FC2B00991369 /* Assignment2UITests.swift in Sources */ = {isa = PBXBuildFile; fileRef = 21861D182B91FC2B00991369 /* Assignment2UITests.swift */; };
		21861D1B2B91FC2B00991369 /* Assignment2UITestsLaunchTests.swift in Sources */ = {isa = PBXBuildFile; fileRef = 21861D1A2B91FC2B00991369 /* Assignment2UITestsLaunchTests.swift */; };
		2187DDD62B95A72C0049B562 /* EditPageVC.swift in Sources */ = {isa = PBXBuildFile; fileRef = 2187DDD52B95A72C0049B562 /* EditPageVC.swift */; };
		2187DDD82B95AAC60049B562 /* HistoryPageVC.swift in Sources */ = {isa = PBXBuildFile; fileRef = 2187DDD72B95AAC60049B562 /* HistoryPageVC.swift */; };
		218C21B12B95AF29003528E5 /* EditTableViewCell.swift in Sources */ = {isa = PBXBuildFile; fileRef = 218C21B02B95AF29003528E5 /* EditTableViewCell.swift */; };
		218C21B32B95AF38003528E5 /* HistoryTableViewCell.swift in Sources */ = {isa = PBXBuildFile; fileRef = 218C21B22B95AF38003528E5 /* HistoryTableViewCell.swift */; };
		21E1DDA32B95A32200087C93 /* TabBarController.swift in Sources */ = {isa = PBXBuildFile; fileRef = 21E1DDA22B95A32100087C93 /* TabBarController.swift */; };
/* End PBXBuildFile section */

/* Begin PBXContainerItemProxy section */
		21861D0B2B91FC2B00991369 /* PBXContainerItemProxy */ = {
			isa = PBXContainerItemProxy;
			containerPortal = 21861CEC2B91FC2900991369 /* Project object */;
			proxyType = 1;
			remoteGlobalIDString = 21861CF32B91FC2900991369;
			remoteInfo = Assignment2;
		};
		21861D152B91FC2B00991369 /* PBXContainerItemProxy */ = {
			isa = PBXContainerItemProxy;
			containerPortal = 21861CEC2B91FC2900991369 /* Project object */;
			proxyType = 1;
			remoteGlobalIDString = 21861CF32B91FC2900991369;
			remoteInfo = Assignment2;
		};
/* End PBXContainerItemProxy section */

/* Begin PBXFileReference section */
		2185FF2E2B95BF2700DF7F08 /* EditDataVC.swift */ = {isa = PBXFileReference; lastKnownFileType = sourcecode.swift; path = EditDataVC.swift; sourceTree = "<group>"; };
		2185FF342B95D04000DF7F08 /* Model.xcdatamodel */ = {isa = PBXFileReference; lastKnownFileType = wrapper.xcdatamodel; path = Model.xcdatamodel; sourceTree = "<group>"; };
		2185FF3A2B95DC2300DF7F08 /* SaveCoreData.swift */ = {isa = PBXFileReference; lastKnownFileType = sourcecode.swift; path = SaveCoreData.swift; sourceTree = "<group>"; };
		21861CF42B91FC2900991369 /* Assignment2.app */ = {isa = PBXFileReference; explicitFileType = wrapper.application; includeInIndex = 0; path = Assignment2.app; sourceTree = BUILT_PRODUCTS_DIR; };
		21861CF72B91FC2900991369 /* AppDelegate.swift */ = {isa = PBXFileReference; lastKnownFileType = sourcecode.swift; path = AppDelegate.swift; sourceTree = "<group>"; };
		21861CF92B91FC2900991369 /* SceneDelegate.swift */ = {isa = PBXFileReference; lastKnownFileType = sourcecode.swift; path = SceneDelegate.swift; sourceTree = "<group>"; };
		21861CFB2B91FC2900991369 /* ViewController.swift */ = {isa = PBXFileReference; lastKnownFileType = sourcecode.swift; path = ViewController.swift; sourceTree = "<group>"; };
		21861CFE2B91FC2900991369 /* Base */ = {isa = PBXFileReference; lastKnownFileType = file.storyboard; name = Base; path = Base.lproj/Main.storyboard; sourceTree = "<group>"; };
		21861D002B91FC2B00991369 /* Assets.xcassets */ = {isa = PBXFileReference; lastKnownFileType = folder.assetcatalog; path = Assets.xcassets; sourceTree = "<group>"; };
		21861D032B91FC2B00991369 /* Base */ = {isa = PBXFileReference; lastKnownFileType = file.storyboard; name = Base; path = Base.lproj/LaunchScreen.storyboard; sourceTree = "<group>"; };
		21861D052B91FC2B00991369 /* Info.plist */ = {isa = PBXFileReference; lastKnownFileType = text.plist.xml; path = Info.plist; sourceTree = "<group>"; };
		21861D0A2B91FC2B00991369 /* Assignment2Tests.xctest */ = {isa = PBXFileReference; explicitFileType = wrapper.cfbundle; includeInIndex = 0; path = Assignment2Tests.xctest; sourceTree = BUILT_PRODUCTS_DIR; };
		21861D0E2B91FC2B00991369 /* Assignment2Tests.swift */ = {isa = PBXFileReference; lastKnownFileType = sourcecode.swift; path = Assignment2Tests.swift; sourceTree = "<group>"; };
		21861D142B91FC2B00991369 /* Assignment2UITests.xctest */ = {isa = PBXFileReference; explicitFileType = wrapper.cfbundle; includeInIndex = 0; path = Assignment2UITests.xctest; sourceTree = BUILT_PRODUCTS_DIR; };
		21861D182B91FC2B00991369 /* Assignment2UITests.swift */ = {isa = PBXFileReference; lastKnownFileType = sourcecode.swift; path = Assignment2UITests.swift; sourceTree = "<group>"; };
		21861D1A2B91FC2B00991369 /* Assignment2UITestsLaunchTests.swift */ = {isa = PBXFileReference; lastKnownFileType = sourcecode.swift; path = Assignment2UITestsLaunchTests.swift; sourceTree = "<group>"; };
		2187DDD52B95A72C0049B562 /* EditPageVC.swift */ = {isa = PBXFileReference; lastKnownFileType = sourcecode.swift; path = EditPageVC.swift; sourceTree = "<group>"; };
		2187DDD72B95AAC60049B562 /* HistoryPageVC.swift */ = {isa = PBXFileReference; lastKnownFileType = sourcecode.swift; path = HistoryPageVC.swift; sourceTree = "<group>"; };
		218C21B02B95AF29003528E5 /* EditTableViewCell.swift */ = {isa = PBXFileReference; lastKnownFileType = sourcecode.swift; path = EditTableViewCell.swift; sourceTree = "<group>"; };
		218C21B22B95AF38003528E5 /* HistoryTableViewCell.swift */ = {isa = PBXFileReference; lastKnownFileType = sourcecode.swift; path = HistoryTableViewCell.swift; sourceTree = "<group>"; };
		21E1DDA22B95A32100087C93 /* TabBarController.swift */ = {isa = PBXFileReference; lastKnownFileType = sourcecode.swift; path = TabBarController.swift; sourceTree = "<group>"; };
/* End PBXFileReference section */

/* Begin PBXFrameworksBuildPhase section */
		21861CF12B91FC2900991369 /* Frameworks */ = {
			isa = PBXFrameworksBuildPhase;
			buildActionMask = 2147483647;
			files = (
			);
			runOnlyForDeploymentPostprocessing = 0;
		};
		21861D072B91FC2B00991369 /* Frameworks */ = {
			isa = PBXFrameworksBuildPhase;
			buildActionMask = 2147483647;
			files = (
			);
			runOnlyForDeploymentPostprocessing = 0;
		};
		21861D112B91FC2B00991369 /* Frameworks */ = {
			isa = PBXFrameworksBuildPhase;
			buildActionMask = 2147483647;
			files = (
			);
			runOnlyForDeploymentPostprocessing = 0;
		};
/* End PBXFrameworksBuildPhase section */

/* Begin PBXGroup section */
		21861CEB2B91FC2900991369 = {
			isa = PBXGroup;
			children = (
				21861CF62B91FC2900991369 /* Assignment2 */,
				21861D0D2B91FC2B00991369 /* Assignment2Tests */,
				21861D172B91FC2B00991369 /* Assignment2UITests */,
				21861CF52B91FC2900991369 /* Products */,
			);
			sourceTree = "<group>";
		};
		21861CF52B91FC2900991369 /* Products */ = {
			isa = PBXGroup;
			children = (
				21861CF42B91FC2900991369 /* Assignment2.app */,
				21861D0A2B91FC2B00991369 /* Assignment2Tests.xctest */,
				21861D142B91FC2B00991369 /* Assignment2UITests.xctest */,
			);
			name = Products;
			sourceTree = "<group>";
		};
		21861CF62B91FC2900991369 /* Assignment2 */ = {
			isa = PBXGroup;
			children = (
				21994FE62B96F3E60052FAC6 /* Class */,
				21994FE52B96F3CE0052FAC6 /* Controller */,
				21994FE42B96F3B60052FAC6 /* TableViewCell */,
				21994FE32B96F3A20052FAC6 /* TabBarController */,
				21861CF72B91FC2900991369 /* AppDelegate.swift */,
				21861CF92B91FC2900991369 /* SceneDelegate.swift */,
				21861CFD2B91FC2900991369 /* Main.storyboard */,
				21861D002B91FC2B00991369 /* Assets.xcassets */,
				21861D022B91FC2B00991369 /* LaunchScreen.storyboard */,
				21861D052B91FC2B00991369 /* Info.plist */,
				2185FF332B95D04000DF7F08 /* Model.xcdatamodeld */,
			);
			path = Assignment2;
			sourceTree = "<group>";
		};
		21861D0D2B91FC2B00991369 /* Assignment2Tests */ = {
			isa = PBXGroup;
			children = (
				21861D0E2B91FC2B00991369 /* Assignment2Tests.swift */,
			);
			path = Assignment2Tests;
			sourceTree = "<group>";
		};
		21861D172B91FC2B00991369 /* Assignment2UITests */ = {
			isa = PBXGroup;
			children = (
				21861D182B91FC2B00991369 /* Assignment2UITests.swift */,
				21861D1A2B91FC2B00991369 /* Assignment2UITestsLaunchTests.swift */,
			);
			path = Assignment2UITests;
			sourceTree = "<group>";
		};
		21994FE32B96F3A20052FAC6 /* TabBarController */ = {
			isa = PBXGroup;
			children = (
				21E1DDA22B95A32100087C93 /* TabBarController.swift */,
				2187DDD72B95AAC60049B562 /* HistoryPageVC.swift */,
				2187DDD52B95A72C0049B562 /* EditPageVC.swift */,
			);
			path = TabBarController;
			sourceTree = "<group>";
		};
		21994FE42B96F3B60052FAC6 /* TableViewCell */ = {
			isa = PBXGroup;
			children = (
				218C21B22B95AF38003528E5 /* HistoryTableViewCell.swift */,
				218C21B02B95AF29003528E5 /* EditTableViewCell.swift */,
			);
			path = TableViewCell;
			sourceTree = "<group>";
		};
		21994FE52B96F3CE0052FAC6 /* Controller */ = {
			isa = PBXGroup;
			children = (
				21861CFB2B91FC2900991369 /* ViewController.swift */,
				2185FF2E2B95BF2700DF7F08 /* EditDataVC.swift */,
			);
			path = Controller;
			sourceTree = "<group>";
		};
		21994FE62B96F3E60052FAC6 /* Class */ = {
			isa = PBXGroup;
			children = (
				2185FF3A2B95DC2300DF7F08 /* SaveCoreData.swift */,
			);
			path = Class;
			sourceTree = "<group>";
		};
/* End PBXGroup section */

/* Begin PBXNativeTarget section */
		21861CF32B91FC2900991369 /* Assignment2 */ = {
			isa = PBXNativeTarget;
			buildConfigurationList = 21861D1E2B91FC2B00991369 /* Build configuration list for PBXNativeTarget "Assignment2" */;
			buildPhases = (
				21861CF02B91FC2900991369 /* Sources */,
				21861CF12B91FC2900991369 /* Frameworks */,
				21861CF22B91FC2900991369 /* Resources */,
			);
			buildRules = (
			);
			dependencies = (
			);
			name = Assignment2;
			productName = Assignment2;
			productReference = 21861CF42B91FC2900991369 /* Assignment2.app */;
			productType = "com.apple.product-type.application";
		};
		21861D092B91FC2B00991369 /* Assignment2Tests */ = {
			isa = PBXNativeTarget;
			buildConfigurationList = 21861D212B91FC2B00991369 /* Build configuration list for PBXNativeTarget "Assignment2Tests" */;
			buildPhases = (
				21861D062B91FC2B00991369 /* Sources */,
				21861D072B91FC2B00991369 /* Frameworks */,
				21861D082B91FC2B00991369 /* Resources */,
			);
			buildRules = (
			);
			dependencies = (
				21861D0C2B91FC2B00991369 /* PBXTargetDependency */,
			);
			name = Assignment2Tests;
			productName = Assignment2Tests;
			productReference = 21861D0A2B91FC2B00991369 /* Assignment2Tests.xctest */;
			productType = "com.apple.product-type.bundle.unit-test";
		};
		21861D132B91FC2B00991369 /* Assignment2UITests */ = {
			isa = PBXNativeTarget;
			buildConfigurationList = 21861D242B91FC2B00991369 /* Build configuration list for PBXNativeTarget "Assignment2UITests" */;
			buildPhases = (
				21861D102B91FC2B00991369 /* Sources */,
				21861D112B91FC2B00991369 /* Frameworks */,
				21861D122B91FC2B00991369 /* Resources */,
			);
			buildRules = (
			);
			dependencies = (
				21861D162B91FC2B00991369 /* PBXTargetDependency */,
			);
			name = Assignment2UITests;
			productName = Assignment2UITests;
			productReference = 21861D142B91FC2B00991369 /* Assignment2UITests.xctest */;
			productType = "com.apple.product-type.bundle.ui-testing";
		};
/* End PBXNativeTarget section */

/* Begin PBXProject section */
		21861CEC2B91FC2900991369 /* Project object */ = {
			isa = PBXProject;
			attributes = {
				BuildIndependentTargetsInParallel = 1;
				LastSwiftUpdateCheck = 1500;
				LastUpgradeCheck = 1500;
				TargetAttributes = {
					21861CF32B91FC2900991369 = {
						CreatedOnToolsVersion = 15.0;
					};
					21861D092B91FC2B00991369 = {
						CreatedOnToolsVersion = 15.0;
						TestTargetID = 21861CF32B91FC2900991369;
					};
					21861D132B91FC2B00991369 = {
						CreatedOnToolsVersion = 15.0;
						TestTargetID = 21861CF32B91FC2900991369;
					};
				};
			};
			buildConfigurationList = 21861CEF2B91FC2900991369 /* Build configuration list for PBXProject "Assignment2" */;
			compatibilityVersion = "Xcode 14.0";
			developmentRegion = en;
			hasScannedForEncodings = 0;
			knownRegions = (
				en,
				Base,
			);
			mainGroup = 21861CEB2B91FC2900991369;
			productRefGroup = 21861CF52B91FC2900991369 /* Products */;
			projectDirPath = "";
			projectRoot = "";
			targets = (
				21861CF32B91FC2900991369 /* Assignment2 */,
				21861D092B91FC2B00991369 /* Assignment2Tests */,
				21861D132B91FC2B00991369 /* Assignment2UITests */,
			);
		};
/* End PBXProject section */

/* Begin PBXResourcesBuildPhase section */
		21861CF22B91FC2900991369 /* Resources */ = {
			isa = PBXResourcesBuildPhase;
			buildActionMask = 2147483647;
			files = (
				21861D042B91FC2B00991369 /* LaunchScreen.storyboard in Resources */,
				21861D012B91FC2B00991369 /* Assets.xcassets in Resources */,
				21861CFF2B91FC2900991369 /* Main.storyboard in Resources */,
			);
			runOnlyForDeploymentPostprocessing = 0;
		};
		21861D082B91FC2B00991369 /* Resources */ = {
			isa = PBXResourcesBuildPhase;
			buildActionMask = 2147483647;
			files = (
			);
			runOnlyForDeploymentPostprocessing = 0;
		};
		21861D122B91FC2B00991369 /* Resources */ = {
			isa = PBXResourcesBuildPhase;
			buildActionMask = 2147483647;
			files = (
			);
			runOnlyForDeploymentPostprocessing = 0;
		};
/* End PBXResourcesBuildPhase section */

/* Begin PBXSourcesBuildPhase section */
		21861CF02B91FC2900991369 /* Sources */ = {
			isa = PBXSourcesBuildPhase;
			buildActionMask = 2147483647;
			files = (
				2187DDD82B95AAC60049B562 /* HistoryPageVC.swift in Sources */,
				21861CFC2B91FC2900991369 /* ViewController.swift in Sources */,
				218C21B32B95AF38003528E5 /* HistoryTableViewCell.swift in Sources */,
				21E1DDA32B95A32200087C93 /* TabBarController.swift in Sources */,
				2185FF2F2B95BF2700DF7F08 /* EditDataVC.swift in Sources */,
				2187DDD62B95A72C0049B562 /* EditPageVC.swift in Sources */,
				2185FF3B2B95DC2300DF7F08 /* SaveCoreData.swift in Sources */,
				21861CF82B91FC2900991369 /* AppDelegate.swift in Sources */,
				21861CFA2B91FC2900991369 /* SceneDelegate.swift in Sources */,
				2185FF352B95D04000DF7F08 /* Model.xcdatamodeld in Sources */,
				218C21B12B95AF29003528E5 /* EditTableViewCell.swift in Sources */,
			);
			runOnlyForDeploymentPostprocessing = 0;
		};
		21861D062B91FC2B00991369 /* Sources */ = {
			isa = PBXSourcesBuildPhase;
			buildActionMask = 2147483647;
			files = (
				21861D0F2B91FC2B00991369 /* Assignment2Tests.swift in Sources */,
			);
			runOnlyForDeploymentPostprocessing = 0;
		};
		21861D102B91FC2B00991369 /* Sources */ = {
			isa = PBXSourcesBuildPhase;
			buildActionMask = 2147483647;
			files = (
				21861D1B2B91FC2B00991369 /* Assignment2UITestsLaunchTests.swift in Sources */,
				21861D192B91FC2B00991369 /* Assignment2UITests.swift in Sources */,
			);
			runOnlyForDeploymentPostprocessing = 0;
		};
/* End PBXSourcesBuildPhase section */

/* Begin PBXTargetDependency section */
		21861D0C2B91FC2B00991369 /* PBXTargetDependency */ = {
			isa = PBXTargetDependency;
			target = 21861CF32B91FC2900991369 /* Assignment2 */;
			targetProxy = 21861D0B2B91FC2B00991369 /* PBXContainerItemProxy */;
		};
		21861D162B91FC2B00991369 /* PBXTargetDependency */ = {
			isa = PBXTargetDependency;
			target = 21861CF32B91FC2900991369 /* Assignment2 */;
			targetProxy = 21861D152B91FC2B00991369 /* PBXContainerItemProxy */;
		};
/* End PBXTargetDependency section */

/* Begin PBXVariantGroup section */
		21861CFD2B91FC2900991369 /* Main.storyboard */ = {
			isa = PBXVariantGroup;
			children = (
				21861CFE2B91FC2900991369 /* Base */,
			);
			name = Main.storyboard;
			sourceTree = "<group>";
		};
		21861D022B91FC2B00991369 /* LaunchScreen.storyboard */ = {
			isa = PBXVariantGroup;
			children = (
				21861D032B91FC2B00991369 /* Base */,
			);
			name = LaunchScreen.storyboard;
			sourceTree = "<group>";
		};
/* End PBXVariantGroup section */

/* Begin XCBuildConfiguration section */
		21861D1C2B91FC2B00991369 /* Debug */ = {
			isa = XCBuildConfiguration;
			buildSettings = {
				ALWAYS_SEARCH_USER_PATHS = NO;
				ASSETCATALOG_COMPILER_GENERATE_SWIFT_ASSET_SYMBOL_EXTENSIONS = YES;
				CLANG_ANALYZER_NONNULL = YES;
				CLANG_ANALYZER_NUMBER_OBJECT_CONVERSION = YES_AGGRESSIVE;
				CLANG_CXX_LANGUAGE_STANDARD = "gnu++20";
				CLANG_ENABLE_MODULES = YES;
				CLANG_ENABLE_OBJC_ARC = YES;
				CLANG_ENABLE_OBJC_WEAK = YES;
				CLANG_WARN_BLOCK_CAPTURE_AUTORELEASING = YES;
				CLANG_WARN_BOOL_CONVERSION = YES;
				CLANG_WARN_COMMA = YES;
				CLANG_WARN_CONSTANT_CONVERSION = YES;
				CLANG_WARN_DEPRECATED_OBJC_IMPLEMENTATIONS = YES;
				CLANG_WARN_DIRECT_OBJC_ISA_USAGE = YES_ERROR;
				CLANG_WARN_DOCUMENTATION_COMMENTS = YES;
				CLANG_WARN_EMPTY_BODY = YES;
				CLANG_WARN_ENUM_CONVERSION = YES;
				CLANG_WARN_INFINITE_RECURSION = YES;
				CLANG_WARN_INT_CONVERSION = YES;
				CLANG_WARN_NON_LITERAL_NULL_CONVERSION = YES;
				CLANG_WARN_OBJC_IMPLICIT_RETAIN_SELF = YES;
				CLANG_WARN_OBJC_LITERAL_CONVERSION = YES;
				CLANG_WARN_OBJC_ROOT_CLASS = YES_ERROR;
				CLANG_WARN_QUOTED_INCLUDE_IN_FRAMEWORK_HEADER = YES;
				CLANG_WARN_RANGE_LOOP_ANALYSIS = YES;
				CLANG_WARN_STRICT_PROTOTYPES = YES;
				CLANG_WARN_SUSPICIOUS_MOVE = YES;
				CLANG_WARN_UNGUARDED_AVAILABILITY = YES_AGGRESSIVE;
				CLANG_WARN_UNREACHABLE_CODE = YES;
				CLANG_WARN__DUPLICATE_METHOD_MATCH = YES;
				COPY_PHASE_STRIP = NO;
				DEBUG_INFORMATION_FORMAT = dwarf;
				ENABLE_STRICT_OBJC_MSGSEND = YES;
				ENABLE_TESTABILITY = YES;
				ENABLE_USER_SCRIPT_SANDBOXING = YES;
				GCC_C_LANGUAGE_STANDARD = gnu17;
				GCC_DYNAMIC_NO_PIC = NO;
				GCC_NO_COMMON_BLOCKS = YES;
				GCC_OPTIMIZATION_LEVEL = 0;
				GCC_PREPROCESSOR_DEFINITIONS = (
					"DEBUG=1",
					"$(inherited)",
				);
				GCC_WARN_64_TO_32_BIT_CONVERSION = YES;
				GCC_WARN_ABOUT_RETURN_TYPE = YES_ERROR;
				GCC_WARN_UNDECLARED_SELECTOR = YES;
				GCC_WARN_UNINITIALIZED_AUTOS = YES_AGGRESSIVE;
				GCC_WARN_UNUSED_FUNCTION = YES;
				GCC_WARN_UNUSED_VARIABLE = YES;
				IPHONEOS_DEPLOYMENT_TARGET = 17.0;
				LOCALIZATION_PREFERS_STRING_CATALOGS = YES;
				MTL_ENABLE_DEBUG_INFO = INCLUDE_SOURCE;
				MTL_FAST_MATH = YES;
				ONLY_ACTIVE_ARCH = YES;
				SDKROOT = iphoneos;
				SWIFT_ACTIVE_COMPILATION_CONDITIONS = "DEBUG $(inherited)";
				SWIFT_OPTIMIZATION_LEVEL = "-Onone";
			};
			name = Debug;
		};
		21861D1D2B91FC2B00991369 /* Release */ = {
			isa = XCBuildConfiguration;
			buildSettings = {
				ALWAYS_SEARCH_USER_PATHS = NO;
				ASSETCATALOG_COMPILER_GENERATE_SWIFT_ASSET_SYMBOL_EXTENSIONS = YES;
				CLANG_ANALYZER_NONNULL = YES;
				CLANG_ANALYZER_NUMBER_OBJECT_CONVERSION = YES_AGGRESSIVE;
				CLANG_CXX_LANGUAGE_STANDARD = "gnu++20";
				CLANG_ENABLE_MODULES = YES;
				CLANG_ENABLE_OBJC_ARC = YES;
				CLANG_ENABLE_OBJC_WEAK = YES;
				CLANG_WARN_BLOCK_CAPTURE_AUTORELEASING = YES;
				CLANG_WARN_BOOL_CONVERSION = YES;
				CLANG_WARN_COMMA = YES;
				CLANG_WARN_CONSTANT_CONVERSION = YES;
				CLANG_WARN_DEPRECATED_OBJC_IMPLEMENTATIONS = YES;
				CLANG_WARN_DIRECT_OBJC_ISA_USAGE = YES_ERROR;
				CLANG_WARN_DOCUMENTATION_COMMENTS = YES;
				CLANG_WARN_EMPTY_BODY = YES;
				CLANG_WARN_ENUM_CONVERSION = YES;
				CLANG_WARN_INFINITE_RECURSION = YES;
				CLANG_WARN_INT_CONVERSION = YES;
				CLANG_WARN_NON_LITERAL_NULL_CONVERSION = YES;
				CLANG_WARN_OBJC_IMPLICIT_RETAIN_SELF = YES;
				CLANG_WARN_OBJC_LITERAL_CONVERSION = YES;
				CLANG_WARN_OBJC_ROOT_CLASS = YES_ERROR;
				CLANG_WARN_QUOTED_INCLUDE_IN_FRAMEWORK_HEADER = YES;
				CLANG_WARN_RANGE_LOOP_ANALYSIS = YES;
				CLANG_WARN_STRICT_PROTOTYPES = YES;
				CLANG_WARN_SUSPICIOUS_MOVE = YES;
				CLANG_WARN_UNGUARDED_AVAILABILITY = YES_AGGRESSIVE;
				CLANG_WARN_UNREACHABLE_CODE = YES;
				CLANG_WARN__DUPLICATE_METHOD_MATCH = YES;
				COPY_PHASE_STRIP = NO;
				DEBUG_INFORMATION_FORMAT = "dwarf-with-dsym";
				ENABLE_NS_ASSERTIONS = NO;
				ENABLE_STRICT_OBJC_MSGSEND = YES;
				ENABLE_USER_SCRIPT_SANDBOXING = YES;
				GCC_C_LANGUAGE_STANDARD = gnu17;
				GCC_NO_COMMON_BLOCKS = YES;
				GCC_WARN_64_TO_32_BIT_CONVERSION = YES;
				GCC_WARN_ABOUT_RETURN_TYPE = YES_ERROR;
				GCC_WARN_UNDECLARED_SELECTOR = YES;
				GCC_WARN_UNINITIALIZED_AUTOS = YES_AGGRESSIVE;
				GCC_WARN_UNUSED_FUNCTION = YES;
				GCC_WARN_UNUSED_VARIABLE = YES;
				IPHONEOS_DEPLOYMENT_TARGET = 17.0;
				LOCALIZATION_PREFERS_STRING_CATALOGS = YES;
				MTL_ENABLE_DEBUG_INFO = NO;
				MTL_FAST_MATH = YES;
				SDKROOT = iphoneos;
				SWIFT_COMPILATION_MODE = wholemodule;
				VALIDATE_PRODUCT = YES;
			};
			name = Release;
		};
		21861D1F2B91FC2B00991369 /* Debug */ = {
			isa = XCBuildConfiguration;
			buildSettings = {
				ASSETCATALOG_COMPILER_APPICON_NAME = AppIcon;
				ASSETCATALOG_COMPILER_GLOBAL_ACCENT_COLOR_NAME = AccentColor;
				CODE_SIGN_STYLE = Automatic;
				CURRENT_PROJECT_VERSION = 1;
				DEVELOPMENT_TEAM = BV827BG4DQ;
				GENERATE_INFOPLIST_FILE = YES;
				INFOPLIST_FILE = Assignment2/Info.plist;
				INFOPLIST_KEY_UIApplicationSupportsIndirectInputEvents = YES;
				INFOPLIST_KEY_UILaunchStoryboardName = LaunchScreen;
				INFOPLIST_KEY_UIMainStoryboardFile = Main;
				INFOPLIST_KEY_UISupportedInterfaceOrientations_iPad = "UIInterfaceOrientationPortrait UIInterfaceOrientationPortraitUpsideDown UIInterfaceOrientationLandscapeLeft UIInterfaceOrientationLandscapeRight";
				INFOPLIST_KEY_UISupportedInterfaceOrientations_iPhone = "UIInterfaceOrientationPortrait UIInterfaceOrientationLandscapeLeft UIInterfaceOrientationLandscapeRight";
				LD_RUNPATH_SEARCH_PATHS = (
					"$(inherited)",
					"@executable_path/Frameworks",
				);
				MARKETING_VERSION = 1.0;
				PRODUCT_BUNDLE_IDENTIFIER = com.assignment.ios.Assignment2;
				PRODUCT_NAME = "$(TARGET_NAME)";
				SWIFT_EMIT_LOC_STRINGS = YES;
				SWIFT_VERSION = 5.0;
				TARGETED_DEVICE_FAMILY = "1,2";
			};
			name = Debug;
		};
		21861D202B91FC2B00991369 /* Release */ = {
			isa = XCBuildConfiguration;
			buildSettings = {
				ASSETCATALOG_COMPILER_APPICON_NAME = AppIcon;
				ASSETCATALOG_COMPILER_GLOBAL_ACCENT_COLOR_NAME = AccentColor;
				CODE_SIGN_STYLE = Automatic;
				CURRENT_PROJECT_VERSION = 1;
				DEVELOPMENT_TEAM = BV827BG4DQ;
				GENERATE_INFOPLIST_FILE = YES;
				INFOPLIST_FILE = Assignment2/Info.plist;
				INFOPLIST_KEY_UIApplicationSupportsIndirectInputEvents = YES;
				INFOPLIST_KEY_UILaunchStoryboardName = LaunchScreen;
				INFOPLIST_KEY_UIMainStoryboardFile = Main;
				INFOPLIST_KEY_UISupportedInterfaceOrientations_iPad = "UIInterfaceOrientationPortrait UIInterfaceOrientationPortraitUpsideDown UIInterfaceOrientationLandscapeLeft UIInterfaceOrientationLandscapeRight";
				INFOPLIST_KEY_UISupportedInterfaceOrientations_iPhone = "UIInterfaceOrientationPortrait UIInterfaceOrientationLandscapeLeft UIInterfaceOrientationLandscapeRight";
				LD_RUNPATH_SEARCH_PATHS = (
					"$(inherited)",
					"@executable_path/Frameworks",
				);
				MARKETING_VERSION = 1.0;
				PRODUCT_BUNDLE_IDENTIFIER = com.assignment.ios.Assignment2;
				PRODUCT_NAME = "$(TARGET_NAME)";
				SWIFT_EMIT_LOC_STRINGS = YES;
				SWIFT_VERSION = 5.0;
				TARGETED_DEVICE_FAMILY = "1,2";
			};
			name = Release;
		};
		21861D222B91FC2B00991369 /* Debug */ = {
			isa = XCBuildConfiguration;
			buildSettings = {
				ALWAYS_EMBED_SWIFT_STANDARD_LIBRARIES = YES;
				BUNDLE_LOADER = "$(TEST_HOST)";
				CODE_SIGN_STYLE = Automatic;
				CURRENT_PROJECT_VERSION = 1;
				DEVELOPMENT_TEAM = BV827BG4DQ;
				GENERATE_INFOPLIST_FILE = YES;
				IPHONEOS_DEPLOYMENT_TARGET = 17.0;
				MARKETING_VERSION = 1.0;
				PRODUCT_BUNDLE_IDENTIFIER = com.assignment.ios.Assignment2Tests;
				PRODUCT_NAME = "$(TARGET_NAME)";
				SWIFT_EMIT_LOC_STRINGS = NO;
				SWIFT_VERSION = 5.0;
				TARGETED_DEVICE_FAMILY = "1,2";
				TEST_HOST = "$(BUILT_PRODUCTS_DIR)/Assignment2.app/$(BUNDLE_EXECUTABLE_FOLDER_PATH)/Assignment2";
			};
			name = Debug;
		};
		21861D232B91FC2B00991369 /* Release */ = {
			isa = XCBuildConfiguration;
			buildSettings = {
				ALWAYS_EMBED_SWIFT_STANDARD_LIBRARIES = YES;
				BUNDLE_LOADER = "$(TEST_HOST)";
				CODE_SIGN_STYLE = Automatic;
				CURRENT_PROJECT_VERSION = 1;
				DEVELOPMENT_TEAM = BV827BG4DQ;
				GENERATE_INFOPLIST_FILE = YES;
				IPHONEOS_DEPLOYMENT_TARGET = 17.0;
				MARKETING_VERSION = 1.0;
				PRODUCT_BUNDLE_IDENTIFIER = com.assignment.ios.Assignment2Tests;
				PRODUCT_NAME = "$(TARGET_NAME)";
				SWIFT_EMIT_LOC_STRINGS = NO;
				SWIFT_VERSION = 5.0;
				TARGETED_DEVICE_FAMILY = "1,2";
				TEST_HOST = "$(BUILT_PRODUCTS_DIR)/Assignment2.app/$(BUNDLE_EXECUTABLE_FOLDER_PATH)/Assignment2";
			};
			name = Release;
		};
		21861D252B91FC2B00991369 /* Debug */ = {
			isa = XCBuildConfiguration;
			buildSettings = {
				ALWAYS_EMBED_SWIFT_STANDARD_LIBRARIES = YES;
				CODE_SIGN_STYLE = Automatic;
				CURRENT_PROJECT_VERSION = 1;
				DEVELOPMENT_TEAM = BV827BG4DQ;
				GENERATE_INFOPLIST_FILE = YES;
				MARKETING_VERSION = 1.0;
				PRODUCT_BUNDLE_IDENTIFIER = com.assignment.ios.Assignment2UITests;
				PRODUCT_NAME = "$(TARGET_NAME)";
				SWIFT_EMIT_LOC_STRINGS = NO;
				SWIFT_VERSION = 5.0;
				TARGETED_DEVICE_FAMILY = "1,2";
				TEST_TARGET_NAME = Assignment2;
			};
			name = Debug;
		};
		21861D262B91FC2B00991369 /* Release */ = {
			isa = XCBuildConfiguration;
			buildSettings = {
				ALWAYS_EMBED_SWIFT_STANDARD_LIBRARIES = YES;
				CODE_SIGN_STYLE = Automatic;
				CURRENT_PROJECT_VERSION = 1;
				DEVELOPMENT_TEAM = BV827BG4DQ;
				GENERATE_INFOPLIST_FILE = YES;
				MARKETING_VERSION = 1.0;
				PRODUCT_BUNDLE_IDENTIFIER = com.assignment.ios.Assignment2UITests;
				PRODUCT_NAME = "$(TARGET_NAME)";
				SWIFT_EMIT_LOC_STRINGS = NO;
				SWIFT_VERSION = 5.0;
				TARGETED_DEVICE_FAMILY = "1,2";
				TEST_TARGET_NAME = Assignment2;
			};
			name = Release;
		};
/* End XCBuildConfiguration section */

/* Begin XCConfigurationList section */
		21861CEF2B91FC2900991369 /* Build configuration list for PBXProject "Assignment2" */ = {
			isa = XCConfigurationList;
			buildConfigurations = (
				21861D1C2B91FC2B00991369 /* Debug */,
				21861D1D2B91FC2B00991369 /* Release */,
			);
			defaultConfigurationIsVisible = 0;
			defaultConfigurationName = Release;
		};
		21861D1E2B91FC2B00991369 /* Build configuration list for PBXNativeTarget "Assignment2" */ = {
			isa = XCConfigurationList;
			buildConfigurations = (
				21861D1F2B91FC2B00991369 /* Debug */,
				21861D202B91FC2B00991369 /* Release */,
			);
			defaultConfigurationIsVisible = 0;
			defaultConfigurationName = Release;
		};
		21861D212B91FC2B00991369 /* Build configuration list for PBXNativeTarget "Assignment2Tests" */ = {
			isa = XCConfigurationList;
			buildConfigurations = (
				21861D222B91FC2B00991369 /* Debug */,
				21861D232B91FC2B00991369 /* Release */,
			);
			defaultConfigurationIsVisible = 0;
			defaultConfigurationName = Release;
		};
		21861D242B91FC2B00991369 /* Build configuration list for PBXNativeTarget "Assignment2UITests" */ = {
			isa = XCConfigurationList;
			buildConfigurations = (
				21861D252B91FC2B00991369 /* Debug */,
				21861D262B91FC2B00991369 /* Release */,
			);
			defaultConfigurationIsVisible = 0;
			defaultConfigurationName = Release;
		};
/* End XCConfigurationList section */

/* Begin XCVersionGroup section */
		2185FF332B95D04000DF7F08 /* Model.xcdatamodeld */ = {
			isa = XCVersionGroup;
			children = (
				2185FF342B95D04000DF7F08 /* Model.xcdatamodel */,
			);
			currentVersion = 2185FF342B95D04000DF7F08 /* Model.xcdatamodel */;
			path = Model.xcdatamodeld;
			sourceTree = "<group>";
			versionGroupType = wrapper.xcdatamodel;
		};
/* End XCVersionGroup section */
	};
	rootObject = 21861CEC2B91FC2900991369 /* Project object */;
}
